entgo.io/ent v0.14.6/go.mod h1:z46QBUdGC+BATwsedbDuREfSS0oSCV+csdEYlL4p73s=
github.com/go-chi/chi/v5 v5.2.5/go.mod h1:X7Gx4mteadT3eDOMTsXzmI4/rwUpOwBHLpAfupzFJP0=
github.com/jackc/pgx/v5 v5.9.1/go.mod h1:mal1tBGAFfLHvZzaYh77YS/eC6IX9OWbRV1QIIM0Jn4=
github.com/oschwald/geoip2-golang v1.13.0/go.mod h1:P9zG+54KPEFOliZ29i7SeYZ/GM6tfEL+rgSn03hYuUo=
modernc.org/sqlite v1.48.2/go.mod h1:hWjRO6Tj/5Ik8ieqxQybiEOUXy0NJFNp2tpvVpKlvig=
